
Microsoft Visual Studio Solution File, Format Version 12.00
# Visual Studio Version 17
VisualStudioVersion = 17.14.36221.1 d17.14
MinimumVisualStudioVersion = 10.0.40219.1
Project("{FAE04EC0-301F-11D3-BF4B-00C04F79EFBC}") = "MinAccApp", "MinAccApp\MinAccApp.csproj", "{795F9073-2037-4325-A462-B55E750CFCD7}"
EndProject
Global
	GlobalSection(SolutionConfigurationPlatforms) = preSolution
		Debug|Any CPU = Debug|Any CPU
		Release|Any CPU = Release|Any CPU
	EndGlobalSection
	GlobalSection(ProjectConfigurationPlatforms) = postSolution
		{795F9073-2037-4325-A462-B55E750CFCD7}.Debug|Any CPU.ActiveCfg = Debug|Any CPU
		{795F9073-2037-4325-A462-B55E750CFCD7}.Debug|Any CPU.Build.0 = Debug|Any CPU
		{795F9073-2037-4325-A462-B55E750CFCD7}.Release|Any CPU.ActiveCfg = Release|Any CPU
		{795F9073-2037-4325-A462-B55E750CFCD7}.Release|Any CPU.Build.0 = Release|Any CPU
	EndGlobalSection
	GlobalSection(SolutionProperties) = preSolution
		HideSolutionNode = FALSE
	EndGlobalSection
	GlobalSection(ExtensibilityGlobals) = postSolution
		SolutionGuid = {EF54AB9F-0BCD-401F-95AA-E769F562A5EE}
	EndGlobalSection
EndGlobal
